# THIS IS AN AUTOGENERATED FILE. DO NOT EDIT THIS FILE DIRECTLY.
# yarn lockfile v1


"@isaacs/ttlcache@^1.1.0":
  version "1.1.0"
  resolved "https://registry.yarnpkg.com/@isaacs/ttlcache/-/ttlcache-1.1.0.tgz#a50f17d241921df8182881bd487ac22f35827eed"
  integrity sha512-XA1Ema/Bg8CcOvY637PCeYRT+i0ZIjNcOzKXlqk4TvRcNW4RhmSLBULWrVHof45qNspvUp2U4d79paLIS0qTWg==

abort-controller@^3.0.0:
  version "3.0.0"
  resolved "https://registry.yarnpkg.com/abort-controller/-/abort-controller-3.0.0.tgz#eaf54d53b62bae4138e809ca225c8439a6efb392"
  integrity sha512-h8lQ8tacZYnR3vNQTgibj+tODHI5/+l06Au2Pcriv/Gmet0eaj4TwWH41sO9wnHDiQsEj19q0drzdWdeAHtweg==
  dependencies:
    event-target-shim "^5.0.0"

active-x-obfuscator@0.0.1:
  version "0.0.1"
  resolved "https://registry.npmjs.org/active-x-obfuscator/-/active-x-obfuscator-0.0.1.tgz"
  integrity "sha1-CJuJs3FF/x2ex0r2UwvlUmyuHxo= sha512-8gdEZinfLSCfAUulETDth4ZSIDPSchiPgm5PLrXQC6BANf1YFEDrPPM2MdK2zcekMROwtM667QFuYw/H6ZV06Q=="
  dependencies:
    zeparser "0.0.5"

async@0.1.22:
  version "0.1.22"
  resolved "https://registry.npmjs.org/async/-/async-0.1.22.tgz"
  integrity "sha1-D8GqoIig4+8Ovi2IMbqw3PiEUGE= sha512-2tEzliJmf5fHNafNwQLJXUasGzQCVctvsNkXmnlELHwypU0p08/rHohYvkqKIjyXpx+0rkrYv6QbhJ+UF4QkBg=="

base64id@0.1.0:
  version "0.1.0"
  resolved "https://registry.npmjs.org/base64id/-/base64id-0.1.0.tgz"
  integrity "sha1-As4P3u4M709ACA4ec+g08LG/zj8= sha512-DSjtfjhAsHl9J4OJj7e4+toV2zqxJrGwVd3CLlsCp8QmicvOn7irG0Mb8brOc/nur3SdO8lIbNlY1s1ZDJdUKQ=="

batch@0.5.0:
  version "0.5.0"
  resolved "https://registry.npmjs.org/batch/-/batch-0.5.0.tgz"
  integrity "sha1-/S4Fp6XWlrTbkxQBPihdj/NVfsM= sha512-avtDJBSxllB5QGphW1OXYF+ujhy/yIGgeFsvK6UiZLU86nWlqsNcZotUKd001wrl9MmZ9QIyVy8WFVEEpRIc5A=="

buffer-crc32@0.2.1:
  version "0.2.1"
  resolved "https://registry.npmjs.org/buffer-crc32/-/buffer-crc32-0.2.1.tgz"
  integrity "sha1-vj5TgvwCttYySVasGvmKqYsIU0w= sha512-vMfBIRp/wjlpueSz7Sb0OmO7C5SH58SSmbsT8G4D48YfO/Zgbr29xNXMpZVSC14ujVJfrZZH1Bl+kXYRQPuvfQ=="

bytes@0.2.1, bytes@~0.2.1:
  version "0.2.1"
  resolved "https://registry.npmjs.org/bytes/-/bytes-0.2.1.tgz"
  integrity "sha1-VVsIq8sGP4l1kFMCUj5M1P/f3zE= sha512-odbk8/wGazOuC1v8v4phoV285/yx8UN5kfQhhuxaVcceig4OUiCZQBtaEtmA1Q78QSTN9iXOQ7X2EViybrEvtQ=="

coffee-script@1.4.0:
  version "1.4.0"
  resolved "https://registry.npmjs.org/coffee-script/-/coffee-script-1.4.0.tgz"
  integrity "sha1-XjvIqsJsAajie/EHcixWVfWtfTY= sha512-LEn5PkG6XJ3QmqGl3W2LoBMcPhWI0mIRbH+r95THAfeO86+BS4R8Twh9g2F6rCs6iMZBvmPwu6sUZF33+wkUfA=="

commander@1.3.2:
  version "1.3.2"
  resolved "https://registry.npmjs.org/commander/-/commander-1.3.2.tgz"
  integrity "sha1-io8w7GcKb91kr1LxkUuQfXnq1bU= sha512-uoVVA5dchmxZeTMv2Qsd0vhn/RebJYsWo4all1qtrUL3BBhQFn4AQDF4PL+ZvOeK7gczXKEZaSCyMDMwFBlpBg=="
  dependencies:
    keypress "0.1.x"

commander@~2.1.0:
  version "2.1.0"
  resolved "https://registry.npmjs.org/commander/-/commander-2.1.0.tgz"
  integrity "sha1-0SG7roYNmZKj1Re6lvVliOR8Z4E= sha512-J2wnb6TKniXNOtoHS8TSrG9IOQluPrsmyAJ8oCUJOBmv+uLBCyPYAZkD2jFvw2DCzIXNnISIM01NIvr35TkBMQ=="

connect@2.12.0:
  version "2.12.0"
  resolved "https://registry.npmjs.org/connect/-/connect-2.12.0.tgz"
  integrity "sha1-Mdj6DcrN8ZCNgivSkjvootKn7Zo= sha512-i3poGdQamCEvDhvaFuG99KUDCU1Cvv7S2T6YfpY4X2+a0+uDrUcpRk08AQEge3NhtidVKfODQfpoMW4xlbQ0LQ=="
  dependencies:
    batch "0.5.0"
    buffer-crc32 "0.2.1"
    bytes "0.2.1"
    cookie "0.1.0"
    cookie-signature "1.0.1"
    debug ">= 0.7.3 < 1"
    fresh "0.2.0"
    methods "0.1.0"
    multiparty "2.2.0"
    negotiator "0.3.0"
    pause "0.0.1"
    qs "0.6.6"
    raw-body "1.1.2"
    send "0.1.4"
    uid2 "0.0.3"

connect@^3.7.0:
  version "3.7.0"
  resolved "https://registry.npmjs.org/connect/-/connect-3.7.0.tgz"
  integrity sha512-ZqRXc+tZukToSNmh5C2iWMSoV3X1YUcPbqEM4DkEG5tNQXrQUZCNVGGv3IuicnkMtPfGf3Xtp8WCXs295iQ1pQ==
  dependencies:
    debug "2.6.9"
    finalhandler "1.1.2"
    parseurl "~1.3.3"
    utils-merge "1.0.1"

cookie-signature@1.0.1:
  version "1.0.1"
  resolved "https://registry.npmjs.org/cookie-signature/-/cookie-signature-1.0.1.tgz"
  integrity "sha1-ROByFIrwHm6OJK+/EmkNaK5pjss= sha512-FMG5ziBzXZ5d4j5obbWOH1X7AtIpsU9ce9mQ+lHo/I1++kzz/isNarOj6T1lBPRspP3mZpuIutc7OVDVcaN1Kg=="

cookie@0.1.0:
  version "0.1.0"
  resolved "https://registry.npmjs.org/cookie/-/cookie-0.1.0.tgz"
  integrity "sha1-kOtGndzpBchm3mh+/EMTHYgB+dA= sha512-YSNOBX085/nzHvrTLEHYHoNdkvpLU1MPjU3r1IGawudZJjfuqnRNIFrcOJJ7bfwC+HWbHL1Y4yMkC0O+HWjV7w=="

core-util-is@~1.0.0:
  version "1.0.2"
  resolved "https://registry.npmjs.org/core-util-is/-/core-util-is-1.0.2.tgz"
  integrity "sha1-tf1UIgqivFq1eqtxQMlAdUUDwac= sha512-3lqz5YjWTYnW6dlDa5TLaTCcShfar1e40rmcJVwCBJC6mWlFuj0eCHIElmG1g5kyuJ/GD+8Wn4FFCcz4gJPfaQ=="

debug@*, debug@2.6.9:
  version "2.6.9"
  resolved "https://registry.npmjs.org/debug/-/debug-2.6.9.tgz"
  integrity sha512-bC7ElrdJaJnPbAP+1EotYvqZsb3ecl5wi6Bfi6BJTUcNowp6cvspg0jXznRTKDjm/E7AdgFBVeAPVMNcKGsHMA==
  dependencies:
    ms "2.0.0"

"debug@>= 0.7.3 < 1":
  version "0.8.1"
  resolved "https://registry.npmjs.org/debug/-/debug-0.8.1.tgz"
  integrity "sha1-IP9NJvXkIstoobrLu2EDmtjBwTA= sha512-HlXEJm99YsRjLJ8xmuz0Lq8YUwrv7hAJkTEr6/Em3sUlSUNl0UdFA+1SrY4fnykeq1FVkUEUtwRGHs9VvlYbGA=="

ee-first@1.1.1:
  version "1.1.1"
  resolved "https://registry.npmjs.org/ee-first/-/ee-first-1.1.1.tgz"
  integrity "sha1-WQxhFWsK4vTwJVcyoViyZrxWsh0= sha512-WMwm9LhRUo+WUaRN+vRuETqG89IgZphVSNkdFgeb6sS/E4OrDIN7t48CAewSHXc6C8lefD8KKfr5vY61brQlow=="

ejs@^1.0.0:
  version "1.0.0"
  resolved "https://registry.npmjs.org/ejs/-/ejs-1.0.0.tgz"
  integrity "sha1-ycYKSKRu5FL7MqccMXuV5aofyz0= sha512-hK3tEqj0pP7UF5UHKNiRvm3zCaYk7UI4EBJ6wwN5O2qX1WdSovmqvUHEbNOJuglXzVkk/H0r7vgst3mVcQXrPA=="

encodeurl@~1.0.2:
  version "1.0.2"
  resolved "https://registry.npmjs.org/encodeurl/-/encodeurl-1.0.2.tgz"
  integrity "sha1-rT/0yG7C0CkyL1oCw6mmBslbP1k= sha512-TPJXq8JqFaVYm2CWmPvnP2Iyo4ZSM7/QKcSmuMLDObfpH5fi7RUGmd/rTDf+rut/saiDiQEeVTNgAmJEdAOx0w=="

escape-html@~1.0.3:
  version "1.0.3"
  resolved "https://registry.npmjs.org/escape-html/-/escape-html-1.0.3.tgz"
  integrity "sha1-Aljq5NPQwJdN4cFpGI7wBR0dGYg= sha512-NiSupZ4OeuGwr68lGIeym/ksIZMJodUGOSCZ/FSnTxcrekbvqrgdUxlJOMpijaKZVjAJrWrGs/6Jy8OMuyj9ow=="

event-target-shim@^5.0.0:
  version "5.0.1"
  resolved "https://registry.yarnpkg.com/event-target-shim/-/event-target-shim-5.0.1.tgz#5d4d3ebdf9583d63a5333ce2deb7480ab2b05789"
  integrity sha512-i/2XbnSz/uxRCU6+NdVJgKWDTM427+MqYbkQzD321DuCQJUqOuJKIA0IM2+W2xtYHdKOmZ4dR6fExsd4SXL+WQ==

express-sslify@^1.2.0:
  version "1.2.0"
  resolved "https://registry.npmjs.org/express-sslify/-/express-sslify-1.2.0.tgz"
  integrity "sha1-MOhLzu0VV+sYdnK74UMKCioQDZw= sha512-OOf2B3MxAVjEXPPWl4Z19wA2oMH+RCULJVhejPwuhiDDClr9QczZz5ycABLSnnN+oY8JcLs32ghs9cxOj0vi+w=="

express.io@~1.1.13:
  version "1.1.13"
  resolved "https://registry.npmjs.org/express.io/-/express.io-1.1.13.tgz"
  integrity "sha1-z9YKJFS9MzN9jM2Y7ZfD57z+XR8= sha512-H9xK8uO+/vDqfsDcO96Gblc/CxdON8W73KFp3oqjyYRmhwf0JxCkqJJgfig5H8bknFq3zrS5V0whG9t3HaaAtA=="
  dependencies:
    async "0.1.22"
    coffee-script "1.4.0"
    express "~3.4.0"
    socket.io "~0.9.16"
    underscore "1.4.3"

express@~3.4.0:
  version "3.4.8"
  resolved "https://registry.npmjs.org/express/-/express-3.4.8.tgz"
  integrity "sha1-qnqJht4HBTM39Lxe2aZFPZzI4uE= sha512-NC6Ff/tlg4JNjGTrw0is0aOe9k7iAnb3Ra6mF3Be15UscxZKpbP7XCMmXx9EiNpHe9IClbHo6EDslH9eJNo1HQ=="
  dependencies:
    buffer-crc32 "0.2.1"
    commander "1.3.2"
    connect "2.12.0"
    cookie "0.1.0"
    cookie-signature "1.0.1"
    debug ">= 0.7.3 < 1"
    fresh "0.2.0"
    merge-descriptors "0.0.1"
    methods "0.1.0"
    mkdirp "0.3.5"
    range-parser "0.0.4"
    send "0.1.4"

finalhandler@1.1.2:
  version "1.1.2"
  resolved "https://registry.npmjs.org/finalhandler/-/finalhandler-1.1.2.tgz"
  integrity sha512-aAWcW57uxVNrQZqFXjITpW3sIUQmHGG3qSb9mUah9MgMC4NeWhNOlNjXEYq3HjRAvL6arUviZGGJsBg6z0zsWA==
  dependencies:
    debug "2.6.9"
    encodeurl "~1.0.2"
    escape-html "~1.0.3"
    on-finished "~2.3.0"
    parseurl "~1.3.3"
    statuses "~1.5.0"
    unpipe "~1.0.0"

fresh@0.2.0:
  version "0.2.0"
  resolved "https://registry.npmjs.org/fresh/-/fresh-0.2.0.tgz"
  integrity "sha1-v9lALPPfEsSkwxDHn5mj3eE9NKc= sha512-ckGdAuSRr1wBmnq7CsW7eU37DBwQxHx3vW8foJUIrF56rkOy8Osm6Fe8KSwemwyKejivKki7jVBgpBpBJexmrw=="

inherits@~2.0.1:
  version "2.0.4"
  resolved "https://registry.npmjs.org/inherits/-/inherits-2.0.4.tgz"
  integrity sha512-k/vGaX4/Yla3WzyMCvTQOXYeIHvqOKtnqBduzTHpzpQZzAskKMhZ2K+EnBiSM9zGSoIFeMpXKxa4dYeZIQqewQ==

isarray@0.0.1:
  version "0.0.1"
  resolved "https://registry.npmjs.org/isarray/-/isarray-0.0.1.tgz"
  integrity "sha1-ihis/Kmo9Bd+Cav8YDiTmwXR7t8= sha512-D2S+3GLxWH+uhrNEcoh/fnmYeP8E8/zHl644d/jdA0g2uyXvy3sb0qxotE+ne0LtccHknQzWwZEzhak7oJ0COQ=="

keypress@0.1.x:
  version "0.1.0"
  resolved "https://registry.npmjs.org/keypress/-/keypress-0.1.0.tgz"
  integrity "sha1-SjGI1CkbZrT2XtuZ+AaqmuKTWSo= sha512-x0yf9PL/nx9Nw9oLL8ZVErFAk85/lslwEP7Vz7s5SI1ODXZIgit3C5qyWjw4DxOuO/3Hb4866SQh28a1V1d+WA=="

lodash@~2.4.1:
  version "2.4.2"
  resolved "https://registry.npmjs.org/lodash/-/lodash-2.4.2.tgz"
  integrity "sha1-+t2DS5aDBz2hebPq5tnA0VBT9z4= sha512-Kak1hi6/hYHGVPmdyiZijoQyz5x2iGVzs6w9GYB/HiXEtylY7tIoYEROMjvM1d9nXJqPOrG2MNPMn01bJ+S0Rw=="

merge-descriptors@0.0.1:
  version "0.0.1"
  resolved "https://registry.npmjs.org/merge-descriptors/-/merge-descriptors-0.0.1.tgz"
  integrity "sha1-L/CYDJJM+B0LXR+2ARd8uLtWwNA= sha512-1VjrOxz6kouIMS/jZ+oQTAUsXufrF8hVzkfzSxqBh0Wy/KzEqZSvy3OZe/Ntrd5QeHtNCUF1bE0bIRLslzHCcw=="

methods@0.1.0:
  version "0.1.0"
  resolved "https://registry.npmjs.org/methods/-/methods-0.1.0.tgz"
  integrity "sha1-M11Cnu/SG3us8unJIqjSvRSjDk8= sha512-N4cn4CbDqu7Fp3AT4z3AsO19calgczhsmCGzXLCiUOrWg9sjb1B+yKFKOrnnPGKKvjyJBmw+k6b3adFN2LbuBw=="

mime@~1.2.9:
  version "1.2.11"
  resolved "https://registry.npmjs.org/mime/-/mime-1.2.11.tgz"
  integrity "sha1-WCA+7Ybjpe8XrtK32evUfwpg3RA= sha512-Ysa2F/nqTNGHhhm9MV8ure4+Hc+Y8AWiqUdHxsO7xu8zc92ND9f3kpALHjaP026Ft17UfxrMt95c50PLUeynBw=="

mkdirp@0.3.5:
  version "0.3.5"
  resolved "https://registry.npmjs.org/mkdirp/-/mkdirp-0.3.5.tgz"
  integrity "sha1-3j5fiWHIjHh+4TaN+EmsRBPsqNc= sha512-8OCq0De/h9ZxseqzCH8Kw/Filf5pF/vMI6+BH7Lu0jXz2pqYCjTAQRolSxRIi+Ax+oCCjlxoJMP0YQ4XlrQNHg=="

ms@2.0.0:
  version "2.0.0"
  resolved "https://registry.npmjs.org/ms/-/ms-2.0.0.tgz"
  integrity "sha1-VgiurfwAvmwpAd9fmGF4jeDVl8g= sha512-Tpp60P6IUJDTuOq/5Z8cdskzJujfwqfOTkrwIwj7IRISpnkJnT6SyJ4PCPnGMoFjC9ddhal5KVIYtAt97ix05A=="

multiparty@2.2.0:
  version "2.2.0"
  resolved "https://registry.npmjs.org/multiparty/-/multiparty-2.2.0.tgz"
  integrity "sha1-pWfCrwAK0i3I8qZT2Rl4rh9TFvQ= sha512-fiFMI4tSze1TsrWFZNABRwy7kF/VycEWz4t0UFESOoP5IdJh29AUFmbirWXv/Ih/rNw62OO2YaQpQEiw1BFQpQ=="
  dependencies:
    readable-stream "~1.1.9"
    stream-counter "~0.2.0"

nan@~1.0.0:
  version "1.0.0"
  resolved "https://registry.npmjs.org/nan/-/nan-1.0.0.tgz"
  integrity "sha1-riT4hQgY1mL8q1rPfzuVv6oszzg= sha512-Wm2/nFOm2y9HtJfgOLnctGbfvF23FcQZeyUZqDD8JQG3zO5kXh3MkQKiUaA68mJiVWrOzLFkAV1u6bC8P52DJA=="

negotiator@0.3.0:
  version "0.3.0"
  resolved "https://registry.npmjs.org/negotiator/-/negotiator-0.3.0.tgz"
  integrity "sha1-cG1pLv7d9XTVfqn7GriaT6fuj2A= sha512-q9wF64uB31BDZQ44DWf+8gE7y8xSpBdREAsJfnBO2WX9ecsutfUO6S9uWEdixlDLOlWaqnlnFXXwZxUUmyLfgg=="

node-fetch@^2.6.1:
  version "2.6.7"
  resolved "https://registry.yarnpkg.com/node-fetch/-/node-fetch-2.6.7.tgz#24de9fba827e3b4ae44dc8b20256a379160052ad"
  integrity sha512-ZjMPFEfVx5j+y2yF35Kzx5sF7kDzxuDj6ziH4FFbOp87zKDZNx8yExJIb05OGF4Nlt9IHFIMBkRl41VdvcNdbQ==
  dependencies:
    whatwg-url "^5.0.0"

oauth@^0.9.15:
  version "0.9.15"
  resolved "https://registry.yarnpkg.com/oauth/-/oauth-0.9.15.tgz#bd1fefaf686c96b75475aed5196412ff60cfb9c1"
  integrity sha512-a5ERWK1kh38ExDEfoO6qUHJb32rd7aYmPHuyCu3Fta/cnICvYmgd2uhuKXvPD+PXB+gCEYYEaQdIRAjCOwAKNA==

on-finished@~2.3.0:
  version "2.3.0"
  resolved "https://registry.npmjs.org/on-finished/-/on-finished-2.3.0.tgz"
  integrity "sha1-IPEzZIGwg811M3mSoWlxqi2QaUc= sha512-ikqdkGAAyf/X/gPhXGvfgAytDZtDbr+bkNUJ0N9h5MI/dmdgCs3l6hoHrcUv41sRKew3jIwrp4qQDXiK99Utww=="
  dependencies:
    ee-first "1.1.1"

options@>=0.0.5:
  version "0.0.6"
  resolved "https://registry.npmjs.org/options/-/options-0.0.6.tgz"
  integrity "sha1-7CLTEoBrtT5zF3Pnza788cZDEo8= sha512-bOj3L1ypm++N+n7CEbbe473A414AB7z+amKYshRb//iuL3MpdDCLhPnw6aVTdKB9g5ZRVHIEp8eUln6L2NUStg=="

parseurl@~1.3.3:
  version "1.3.3"
  resolved "https://registry.npmjs.org/parseurl/-/parseurl-1.3.3.tgz"
  integrity sha512-CiyeOxFT/JZyN5m0z9PfXw4SCBJ6Sygz1Dpl0wqjlhDEGGBP1GnsUVEL0p63hoG1fcj3fHynXi9NYO4nWOL+qQ==

pause@0.0.1:
  version "0.0.1"
  resolved "https://registry.npmjs.org/pause/-/pause-0.0.1.tgz"
  integrity "sha1-HUCLP9t2kjuVQ9lvtMnf1TXZy10= sha512-KG8UEiEVkR3wGEb4m5yZkVCzigAD+cVEJck2CzYZO37ZGJfctvVptVO192MwrtPhzONn6go8ylnOdMhKqi4nfg=="

policyfile@0.0.4:
  version "0.0.4"
  resolved "https://registry.npmjs.org/policyfile/-/policyfile-0.0.4.tgz"
  integrity "sha1-1rgurZiueeviKOLa9ZAzEeyYLk0= sha512-UfDtlscNialXfmVEwEPm0t/5qtM0xPK025eYWd/ilv89hxLIhVQmt3QIzMHincLO2MBtZyww0386pt13J4aIhQ=="

qs@0.6.6:
  version "0.6.6"
  resolved "https://registry.npmjs.org/qs/-/qs-0.6.6.tgz"
  integrity "sha1-bgFQmP9RlouKPIGQAdXyyJvEsQc= sha512-kN+yNdAf29Jgp+AYHUmC7X4QdJPR8czuMWLNLc0aRxkQ7tB3vJQEONKKT9ou/rW7EbqVec11srC9q9BiVbcnHA=="

range-parser@0.0.4:
  version "0.0.4"
  resolved "https://registry.npmjs.org/range-parser/-/range-parser-0.0.4.tgz"
  integrity "sha1-wEJ//vUcEKy6B4KkbJYC50T/Ygs= sha512-okJVEq9DbZyg+5lD8pr6ooQmeA0uu8DYIyAU7VK1WUUK7hctI1yw2ZHhKiKjB6RXaDrYRmTR4SsIHkyiQpaLMA=="

raw-body@1.1.2:
  version "1.1.2"
  resolved "https://registry.npmjs.org/raw-body/-/raw-body-1.1.2.tgz"
  integrity "sha1-x0swBN6l3v0WlhcRBqx0DsMdYr4= sha512-9Vyxam2+QrtmNIc3mFrwazAXOeQdxgFvS3vvkvH02R5YbdsaSqL4N9M93s0znkh0q4cGBk8CbrqOSGkz3BUeDg=="
  dependencies:
    bytes "~0.2.1"

readable-stream@~1.1.8, readable-stream@~1.1.9:
  version "1.1.14"
  resolved "https://registry.npmjs.org/readable-stream/-/readable-stream-1.1.14.tgz"
  integrity "sha1-fPTFTvZI44EwhMY23SB54WbAgdk= sha512-+MeVjFf4L44XUkhM1eYbD8fyEsxcV81pqMSR5gblfcLCHfZvbrqy4/qYHE+/R5HoBUT11WV5O08Cr1n3YXkWVQ=="
  dependencies:
    core-util-is "~1.0.0"
    inherits "~2.0.1"
    isarray "0.0.1"
    string_decoder "~0.10.x"

redis@0.7.3:
  version "0.7.3"
  resolved "https://registry.npmjs.org/redis/-/redis-0.7.3.tgz"
  integrity "sha1-7le3pE0l7BWU5ENl2BZfp9HUgRo= sha512-0Pgb0jOLfn6eREtEIRn/ifyZJjl2H+wUY4F/Pe7T4UhmoSrZ/1HU5ZqiBpDk8I8Wbyv2N5DpXKzbEtMj3drprg=="

send@0.1.4:
  version "0.1.4"
  resolved "https://registry.npmjs.org/send/-/send-0.1.4.tgz"
  integrity "sha1-vnDY0b4B3mGCGvE3gLUDRaT3Gr0= sha512-NJnIaB29/EcNqkNneUAm16oEVnzM2LeNBc/hmgKuExv2k9pCZQEw8SHJeCdjqesHJTyWAr7x5HjeOmRFS4BoFw=="
  dependencies:
    debug "*"
    fresh "0.2.0"
    mime "~1.2.9"
    range-parser "0.0.4"

socket.io-client@0.9.16:
  version "0.9.16"
  resolved "https://registry.npmjs.org/socket.io-client/-/socket.io-client-0.9.16.tgz"
  integrity "sha1-TadRXF53MEHRtCOXBBW8xDDzX8Y= sha512-wSM7PKJkzpGqUAo6d6SAn+ph4xeQJ6nzyDULRJAX1G7e6Xm0wNuMh2RpNvwXrHMzoV9Or5hti7LINiQAm1H2yA=="
  dependencies:
    active-x-obfuscator "0.0.1"
    uglify-js "1.2.5"
    ws "0.4.x"
    xmlhttprequest "1.4.2"

socket.io@~0.9.16:
  version "0.9.19"
  resolved "https://registry.npmjs.org/socket.io/-/socket.io-0.9.19.tgz"
  integrity "sha1-SQu1/Q3FTPAC7gTmf638Q7hIo48= sha512-UPdVIGPBPmCibzIP2rAjXuiPTI2gPs6kiu4P7njH6WAK7wiOlozNG62ohohCNOycx+Dztd4vRNXxq8alIOEtfA=="
  dependencies:
    base64id "0.1.0"
    policyfile "0.0.4"
    socket.io-client "0.9.16"
  optionalDependencies:
    redis "0.7.3"

statuses@~1.5.0:
  version "1.5.0"
  resolved "https://registry.npmjs.org/statuses/-/statuses-1.5.0.tgz"
  integrity "sha1-Fhx9rBd2Wf2YEfQ3cfqZOBR4Yow= sha512-OpZ3zP+jT1PI7I8nemJX4AKmAX070ZkYPVWV/AaKTJl+tXCTGyVdC1a4SL8RUQYEwk/f34ZX8UTykN68FwrqAA=="

stream-counter@~0.2.0:
  version "0.2.0"
  resolved "https://registry.npmjs.org/stream-counter/-/stream-counter-0.2.0.tgz"
  integrity "sha1-3tJmVWMZyLDiIoErnPOyb6fZR94= sha512-GjA2zKc2iXUUKRcOxXQmhEx0Ev3XHJ6c8yWGqhQjWwhGrqNwSsvq9YlRLgoGtZ5Kx2Ln94IedaqJ5GUG6aBbxA=="
  dependencies:
    readable-stream "~1.1.8"

string_decoder@~0.10.x:
  version "0.10.31"
  resolved "https://registry.npmjs.org/string_decoder/-/string_decoder-0.10.31.tgz"
  integrity "sha1-YuIDvEF2bGwoyfyEMB2rHFMQ+pQ= sha512-ev2QzSzWPYmy9GuqfIVildA4OdcGLeFZQrq5ys6RtiuF+RQQiZWr8TZNyAcuVXyQRYfEO+MsoB/1BuQVhOJuoQ=="

tinycolor@0.x:
  version "0.0.1"
  resolved "https://registry.npmjs.org/tinycolor/-/tinycolor-0.0.1.tgz"
  integrity "sha1-MgtaUtg6u1l42Bo+iH1K77FaYWQ= sha512-+CorETse1kl98xg0WAzii8DTT4ABF4R3nquhrkIbVGcw1T8JYs5Gfx9xEfGINPUZGDj9C4BmOtuKeaTtuuRolg=="

tr46@~0.0.3:
  version "0.0.3"
  resolved "https://registry.yarnpkg.com/tr46/-/tr46-0.0.3.tgz#8184fd347dac9cdc185992f3a6622e14b9d9ab6a"
  integrity sha512-N3WMsuqV66lT30CrXNbEjx4GEwlow3v6rr4mCcv6prnfwhS01rkgyFdjPNBYd9br7LpXV1+Emh01fHnq2Gdgrw==

twitter-api-sdk@^1.1.0:
  version "1.1.0"
  resolved "https://registry.yarnpkg.com/twitter-api-sdk/-/twitter-api-sdk-1.1.0.tgz#9bcf525a0c3da311683d3a87e74357ba8479ded6"
  integrity sha512-EmYSUwf1rw57h7fnq8SLtMSt6+8orr1N4q5m5J+R/ZSzvvo3QCCyJC973/OCxH5j9F1iV0vqpLmYh/Yq87XjLA==
  dependencies:
    abort-controller "^3.0.0"
    node-fetch "^2.6.1"

uglify-js@1.2.5:
  version "1.2.5"
  resolved "https://registry.npmjs.org/uglify-js/-/uglify-js-1.2.5.tgz"
  integrity "sha1-tULCx29477NLIAsgF3Y0Mw/3ArY= sha512-Ps1oQryKOcRDYuAN1tGpPWd/DIRMcdLz4p7JMxLjJiFvp+aaG01IEu0ZSoVvYUSxIkvW7k2X50BCW2InguEGlg=="

uid2@0.0.3:
  version "0.0.3"
  resolved "https://registry.npmjs.org/uid2/-/uid2-0.0.3.tgz"
  integrity "sha1-SDEm4Rd03y9xuLY53NeZw3YWK4I= sha512-5gSP1liv10Gjp8cMEnFd6shzkL/D6W1uhXSFNCxDC+YI8+L8wkCYCbJ7n77Ezb4wE/xzMogecE+DtamEe9PZjg=="

underscore@1.4.3:
  version "1.4.3"
  resolved "https://registry.npmjs.org/underscore/-/underscore-1.4.3.tgz"
  integrity "sha1-s9Cqoe502IbqTyZIAhpPitd57R0= sha512-ezBlI6cdgbH58iwDdQPhzfuT61avqSevGsIbeYYfen3W4qVNZIRFWJKr/Q8MMdl/CAPyAvpKNZtbnqgBhdhszQ=="

underscore@^1.6.0:
  version "1.11.0"
  resolved "https://registry.npmjs.org/underscore/-/underscore-1.11.0.tgz"
  integrity sha512-xY96SsN3NA461qIRKZ/+qox37YXPtSBswMGfiNptr+wrt6ds4HaMw23TP612fEyGekRE6LNRiLYr/aqbHXNedw==

unpipe@~1.0.0:
  version "1.0.0"
  resolved "https://registry.npmjs.org/unpipe/-/unpipe-1.0.0.tgz"
  integrity "sha1-sr9O6FFKrmFltIF4KdIbLvSZBOw= sha512-pjy2bYhSsufwWlKwPc+l3cN7+wuJlK6uz0YdJEOlQDbl6jo/YlPi4mb8agUkVC8BF7V8NuzeyPNqRksA3hztKQ=="

utils-merge@1.0.1:
  version "1.0.1"
  resolved "https://registry.npmjs.org/utils-merge/-/utils-merge-1.0.1.tgz"
  integrity "sha1-n5VxD1CiZ5R7LMwSR0HBAoQn5xM= sha512-pMZTvIkT1d+TFGvDOqodOclx0QWkkgi6Tdoa8gC8ffGAAqz9pzPTZWAybbsHHoED/ztMtkv/VoYTYyShUn81hA=="

webidl-conversions@^3.0.0:
  version "3.0.1"
  resolved "https://registry.yarnpkg.com/webidl-conversions/-/webidl-conversions-3.0.1.tgz#24534275e2a7bc6be7bc86611cc16ae0a5654871"
  integrity sha512-2JAn3z8AR6rjK8Sm8orRC0h/bcl/DqL7tRPdGZ4I1CjdF+EaMLmYxBHyXuKL849eucPFhvBoxMsflfOb8kxaeQ==

whatwg-url@^5.0.0:
  version "5.0.0"
  resolved "https://registry.yarnpkg.com/whatwg-url/-/whatwg-url-5.0.0.tgz#966454e8765462e37644d3626f6742ce8b70965d"
  integrity sha512-saE57nupxk6v3HY35+jzBwYa0rKSy0XR8JSxZPwgLr7ys0IBzhGviA1/TUGJLmSVqs8pb9AnvICXEuOHLprYTw==
  dependencies:
    tr46 "~0.0.3"
    webidl-conversions "^3.0.0"

ws@0.4.x:
  version "0.4.32"
  resolved "https://registry.npmjs.org/ws/-/ws-0.4.32.tgz"
  integrity "sha1-eHphVEFPPJntg8V3IVOyD+sM7DI= sha512-htqsS0U9Z9lb3ITjidQkRvkLdVhQePrMeu475yEfOWkAYvJ6dSjQp1tOH6ugaddzX5b7sQjMPNtY71eTzrV/kA=="
  dependencies:
    commander "~2.1.0"
    nan "~1.0.0"
    options ">=0.0.5"
    tinycolor "0.x"

xmlhttprequest@1.4.2:
  version "1.4.2"
  resolved "https://registry.npmjs.org/xmlhttprequest/-/xmlhttprequest-1.4.2.tgz"
  integrity "sha1-AUU6HZvtHo8XL2SVu/TIxCYyFQA= sha512-WTsthd44hTdCRrHkdtTgbgTKIJyNDV+xiShdooFZBUstY7xk+EXMx/u5gjuUXaCiCWvtBVCHwauzml2joevB4w=="

zeparser@0.0.5:
  version "0.0.5"
  resolved "https://registry.npmjs.org/zeparser/-/zeparser-0.0.5.tgz"
  integrity "sha1-A3JlYbwmjy5URPVMZlt/1KjAKeI= sha512-Qj4lJIRPy7hIW1zCBqwA3AW8F9uHswVoXPnotuY6uyNgbg5qGb6SJfWZi+YzD3DktbUnUoGiGZFhopbn9l1GYw=="
